<?xml version="1.0" encoding="utf-8"?>
<Project ToolsVersion="15.0" xmlns="http://schemas.microsoft.com/developer/msbuild/2003">
  <ItemGroup>
    <Filter Include="Resources">
      <UniqueIdentifier>accd3aa8-1ba0-4223-9bbe-0c431709210b</UniqueIdentifier>
      <Extensions>rc;ico;cur;bmp;dlg;rc2;rct;bin;rgs;gif;jpg;jpeg;jpe;resx;tga;tiff;tif;png;wav;mfcribbon-ms</Extensions>
    </Filter>
    <Filter Include="Generated Files">
      <UniqueIdentifier>{926ab91d-31b4-48c3-b9a4-e681349f27f0}</UniqueIdentifier>
    </Filter>
    <Filter Include="DXCommon">
      <UniqueIdentifier>{e7d5a838-baa2-4014-b90c-5ca935ac248e}</UniqueIdentifier>
    </Filter>
    <Filter Include="RenderEffects">
      <UniqueIdentifier>{3836573d-c3a6-4a4f-a234-a4dd4dcbc4d2}</UniqueIdentifier>
    </Filter>
    <Filter Include="DirectXTex">
      <UniqueIdentifier>{c9cec61e-f001-49d0-94e1-0752654fe93d}</UniqueIdentifier>
    </Filter>
    <Filter Include="RuntimeClasses">
      <UniqueIdentifier>{112772ca-c56e-4783-bc84-ae331e51833f}</UniqueIdentifier>
    </Filter>
  </ItemGroup>
  <ItemGroup>
    <ClCompile Include="pch.cpp" />
    <ClCompile Include="$(GeneratedFilesDir)module.g.cpp" />
    <ClCompile Include="Common\BasicReaderWriter.cpp">
      <Filter>DXCommon</Filter>
    </ClCompile>
    <ClCompile Include="Common\DeviceResources.cpp">
      <Filter>DXCommon</Filter>
    </ClCompile>
    <ClCompile Include="DirectXTex\DirectXTexEXR.cpp">
      <Filter>DirectXTex</Filter>
    </ClCompile>
    <ClCompile Include="ImageLoader.cpp" />
    <ClCompile Include="ImageExporter.cpp" />
    <ClCompile Include="RenderEffects\LuminanceHeatmapEffect.cpp">
      <Filter>RenderEffects</Filter>
    </ClCompile>
    <ClCompile Include="RenderEffects\SdrOverlayEffect.cpp">
      <Filter>RenderEffects</Filter>
    </ClCompile>
    <ClCompile Include="RenderEffects\SimpleTonemapEffect.cpp">
      <Filter>RenderEffects</Filter>
    </ClCompile>
    <ClCompile Include="RenderEffects\SphereMapEffect.cpp">
      <Filter>RenderEffects</Filter>
    </ClCompile>
    <ClCompile Include="EffectOption.cpp">
      <Filter>RuntimeClasses</Filter>
    </ClCompile>
    <ClCompile Include="RenderOptionsViewModel.cpp">
      <Filter>RuntimeClasses</Filter>
    </ClCompile>
  </ItemGroup>
  <ItemGroup>
    <ClInclude Include="pch.h" />
    <ClInclude Include="Common\BasicReaderWriter.h">
      <Filter>DXCommon</Filter>
    </ClInclude>
    <ClInclude Include="Common\DeviceResources.h">
      <Filter>DXCommon</Filter>
    </ClInclude>
    <ClInclude Include="Common\DirectXHelper.h">
      <Filter>DXCommon</Filter>
    </ClInclude>
    <ClInclude Include="DirectXTex\DirectXTexEXR.h">
      <Filter>DirectXTex</Filter>
    </ClInclude>
    <ClInclude Include="ImageInfo.h" />
    <ClInclude Include="ImageLoader.h" />
    <ClInclude Include="ImageExporter.h" />
    <ClInclude Include="RenderEffects\LuminanceHeatmapEffect.h">
      <Filter>RenderEffects</Filter>
    </ClInclude>
    <ClInclude Include="RenderEffects\SdrOverlayEffect.h">
      <Filter>RenderEffects</Filter>
    </ClInclude>
    <ClInclude Include="RenderEffects\SimpleTonemapEffect.h">
      <Filter>RenderEffects</Filter>
    </ClInclude>
    <ClInclude Include="RenderEffects\SphereMapEffect.h">
      <Filter>RenderEffects</Filter>
    </ClInclude>
    <ClInclude Include="EffectOption.h">
      <Filter>RuntimeClasses</Filter>
    </ClInclude>
    <ClInclude Include="RenderOptionsViewModel.h">
      <Filter>RuntimeClasses</Filter>
    </ClInclude>
  </ItemGroup>
  <ItemGroup>
    <None Include="DXRenderer.def" />
    <None Include="packages.config" />
  </ItemGroup>
  <ItemGroup>
    <None Include="PropertySheet.props" />
  </ItemGroup>
  <ItemGroup>
    <FxCompile Include="RenderEffects\LuminanceHeatmapEffect.hlsl">
      <Filter>RenderEffects</Filter>
    </FxCompile>
    <FxCompile Include="RenderEffects\SdrOverlayEffect.hlsl">
      <Filter>RenderEffects</Filter>
    </FxCompile>
    <FxCompile Include="RenderEffects\SimpleTonemapEffect.hlsl">
      <Filter>RenderEffects</Filter>
    </FxCompile>
    <FxCompile Include="RenderEffects\SphereMapEffect.hlsl">
      <Filter>RenderEffects</Filter>
    </FxCompile>
  </ItemGroup>
  <ItemGroup>
    <Midl Include="DXRenderer.idl">
      <Filter>RuntimeClasses</Filter>
    </Midl>
  </ItemGroup>
</Project>